
Microsoft Visual Studio Solution File, Format Version 12.00
# Visual Studio Version 16
VisualStudioVersion = 16.0.31005.135
MinimumVisualStudioVersion = 10.0.40219.1
Project("{FAE04EC0-301F-11D3-BF4B-00C04F79EFBC}") = "MVC4_DoctorApp", "MVC4_DoctorApp\MVC4_DoctorApp.csproj", "{8830A545-807E-44DA-AEC8-01E878F1772C}"
EndProject
Global
	GlobalSection(SolutionConfigurationPlatforms) = preSolution
		Debug|Any CPU = Debug|Any CPU
		Release|Any CPU = Release|Any CPU
	EndGlobalSection
	GlobalSection(ProjectConfigurationPlatforms) = postSolution
		{8830A545-807E-44DA-AEC8-01E878F1772C}.Debug|Any CPU.ActiveCfg = Debug|Any CPU
		{8830A545-807E-44DA-AEC8-01E878F1772C}.Debug|Any CPU.Build.0 = Debug|Any CPU
		{8830A545-807E-44DA-AEC8-01E878F1772C}.Release|Any CPU.ActiveCfg = Release|Any CPU
		{8830A545-807E-44DA-AEC8-01E878F1772C}.Release|Any CPU.Build.0 = Release|Any CPU
	EndGlobalSection
	GlobalSection(SolutionProperties) = preSolution
		HideSolutionNode = FALSE
	EndGlobalSection
	GlobalSection(ExtensibilityGlobals) = postSolution
		SolutionGuid = {DD0FD19B-2A68-4DAE-B4F1-D4FC0C59901A}
	EndGlobalSection
EndGlobal
